// !$*UTF8*$!
{
	archiveVersion = 1;
	classes = {
	};
	objectVersion = 50;
	objects = {

/* Begin PBXBuildFile section */
		59CCBA1D20A0BD89004E4B75 /* AppDelegate.swift in Sources */ = {isa = PBXBuildFile; fileRef = 59CCBA1C20A0BD89004E4B75 /* AppDelegate.swift */; };
		59CCBA1F20A0BD89004E4B75 /* ViewController.swift in Sources */ = {isa = PBXBuildFile; fileRef = 59CCBA1E20A0BD89004E4B75 /* ViewController.swift */; };
		59CCBA2220A0BD89004E4B75 /* Main.storyboard in Resources */ = {isa = PBXBuildFile; fileRef = 59CCBA2020A0BD89004E4B75 /* Main.storyboard */; };
		59CCBA2420A0BD8A004E4B75 /* Assets.xcassets in Resources */ = {isa = PBXBuildFile; fileRef = 59CCBA2320A0BD8A004E4B75 /* Assets.xcassets */; };
		59CCBA2720A0BD8A004E4B75 /* LaunchScreen.storyboard in Resources */ = {isa = PBXBuildFile; fileRef = 59CCBA2520A0BD8A004E4B75 /* LaunchScreen.storyboard */; };
		59CCBA3220A0BE61004E4B75 /* ProfileTokenField.swift in Sources */ = {isa = PBXBuildFile; fileRef = 59CCBA3120A0BE61004E4B75 /* ProfileTokenField.swift */; };
		59CCBA3420A0BF95004E4B75 /* ProfileTokenTextField.swift in Sources */ = {isa = PBXBuildFile; fileRef = 59CCBA3320A0BF95004E4B75 /* ProfileTokenTextField.swift */; };
		59CCBA3620A0C351004E4B75 /* ProfileToken.swift in Sources */ = {isa = PBXBuildFile; fileRef = 59CCBA3520A0C351004E4B75 /* ProfileToken.swift */; };
		59CCBA3820A0C4EF004E4B75 /* ProfileToken.xib in Resources */ = {isa = PBXBuildFile; fileRef = 59CCBA3720A0C4EF004E4B75 /* ProfileToken.xib */; };
/* End PBXBuildFile section */

/* Begin PBXFileReference section */
		59CCBA1920A0BD89004E4B75 /* ProfileTokenFieldDemo.app */ = {isa = PBXFileReference; explicitFileType = wrapper.application; includeInIndex = 0; path = ProfileTokenFieldDemo.app; sourceTree = BUILT_PRODUCTS_DIR; };
		59CCBA1C20A0BD89004E4B75 /* AppDelegate.swift */ = {isa = PBXFileReference; lastKnownFileType = sourcecode.swift; path = AppDelegate.swift; sourceTree = "<group>"; };
		59CCBA1E20A0BD89004E4B75 /* ViewController.swift */ = {isa = PBXFileReference; lastKnownFileType = sourcecode.swift; path = ViewController.swift; sourceTree = "<group>"; };
		59CCBA2120A0BD89004E4B75 /* Base */ = {isa = PBXFileReference; lastKnownFileType = file.storyboard; name = Base; path = Base.lproj/Main.storyboard; sourceTree = "<group>"; };
		59CCBA2320A0BD8A004E4B75 /* Assets.xcassets */ = {isa = PBXFileReference; lastKnownFileType = folder.assetcatalog; path = Assets.xcassets; sourceTree = "<group>"; };
		59CCBA2620A0BD8A004E4B75 /* Base */ = {isa = PBXFileReference; lastKnownFileType = file.storyboard; name = Base; path = Base.lproj/LaunchScreen.storyboard; sourceTree = "<group>"; };
		59CCBA2820A0BD8A004E4B75 /* Info.plist */ = {isa = PBXFileReference; lastKnownFileType = text.plist.xml; path = Info.plist; sourceTree = "<group>"; };
		59CCBA3120A0BE61004E4B75 /* ProfileTokenField.swift */ = {isa = PBXFileReference; lastKnownFileType = sourcecode.swift; name = ProfileTokenField.swift; path = ../../Source/ProfileTokenField.swift; sourceTree = "<group>"; };
		59CCBA3320A0BF95004E4B75 /* ProfileTokenTextField.swift */ = {isa = PBXFileReference; lastKnownFileType = sourcecode.swift; name = ProfileTokenTextField.swift; path = ../../Source/ProfileTokenTextField.swift; sourceTree = "<group>"; };
		59CCBA3520A0C351004E4B75 /* ProfileToken.swift */ = {isa = PBXFileReference; lastKnownFileType = sourcecode.swift; name = ProfileToken.swift; path = ../../Source/ProfileToken.swift; sourceTree = "<group>"; };
		59CCBA3720A0C4EF004E4B75 /* ProfileToken.xib */ = {isa = PBXFileReference; lastKnownFileType = file.xib; name = ProfileToken.xib; path = ../../Source/ProfileToken.xib; sourceTree = "<group>"; };
/* End PBXFileReference section */

/* Begin PBXFrameworksBuildPhase section */
		59CCBA1620A0BD89004E4B75 /* Frameworks */ = {
			isa = PBXFrameworksBuildPhase;
			buildActionMask = 2147483647;
			files = (
			);
			runOnlyForDeploymentPostprocessing = 0;
		};
/* End PBXFrameworksBuildPhase section */

/* Begin PBXGroup section */
		59CCBA1020A0BD89004E4B75 = {
			isa = PBXGroup;
			children = (
				59CCBA2E20A0BD99004E4B75 /* ProfileTokenField */,
				59CCBA1B20A0BD89004E4B75 /* ProfileTokenFieldDemo */,
				59CCBA1A20A0BD89004E4B75 /* Products */,
			);
			sourceTree = "<group>";
		};
		59CCBA1A20A0BD89004E4B75 /* Products */ = {
			isa = PBXGroup;
			children = (
				59CCBA1920A0BD89004E4B75 /* ProfileTokenFieldDemo.app */,
			);
			name = Products;
			sourceTree = "<group>";
		};
		59CCBA1B20A0BD89004E4B75 /* ProfileTokenFieldDemo */ = {
			isa = PBXGroup;
			children = (
				59CCBA1C20A0BD89004E4B75 /* AppDelegate.swift */,
				59CCBA1E20A0BD89004E4B75 /* ViewController.swift */,
				59CCBA2020A0BD89004E4B75 /* Main.storyboard */,
				59CCBA2320A0BD8A004E4B75 /* Assets.xcassets */,
				59CCBA2520A0BD8A004E4B75 /* LaunchScreen.storyboard */,
				59CCBA2820A0BD8A004E4B75 /* Info.plist */,
			);
			path = ProfileTokenFieldDemo;
			sourceTree = "<group>";
		};
		59CCBA2E20A0BD99004E4B75 /* ProfileTokenField */ = {
			isa = PBXGroup;
			children = (
				59CCBA3120A0BE61004E4B75 /* ProfileTokenField.swift */,
				59CCBA3320A0BF95004E4B75 /* ProfileTokenTextField.swift */,
				59CCBA3520A0C351004E4B75 /* ProfileToken.swift */,
				59CCBA3720A0C4EF004E4B75 /* ProfileToken.xib */,
			);
			path = ProfileTokenField;
			sourceTree = "<group>";
		};
/* End PBXGroup section */

/* Begin PBXNativeTarget section */
		59CCBA1820A0BD89004E4B75 /* ProfileTokenFieldDemo */ = {
			isa = PBXNativeTarget;
			buildConfigurationList = 59CCBA2B20A0BD8A004E4B75 /* Build configuration list for PBXNativeTarget "ProfileTokenFieldDemo" */;
			buildPhases = (
				59CCBA1520A0BD89004E4B75 /* Sources */,
				59CCBA1620A0BD89004E4B75 /* Frameworks */,
				59CCBA1720A0BD89004E4B75 /* Resources */,
			);
			buildRules = (
			);
			dependencies = (
			);
			name = ProfileTokenFieldDemo;
			productName = ProfileTokenFieldDemo;
			productReference = 59CCBA1920A0BD89004E4B75 /* ProfileTokenFieldDemo.app */;
			productType = "com.apple.product-type.application";
		};
/* End PBXNativeTarget section */

/* Begin PBXProject section */
		59CCBA1120A0BD89004E4B75 /* Project object */ = {
			isa = PBXProject;
			attributes = {
				LastSwiftUpdateCheck = 0930;
				LastUpgradeCheck = 0930;
				ORGANIZATIONNAME = gokul;
				TargetAttributes = {
					59CCBA1820A0BD89004E4B75 = {
						CreatedOnToolsVersion = 9.3;
					};
				};
			};
			buildConfigurationList = 59CCBA1420A0BD89004E4B75 /* Build configuration list for PBXProject "ProfileTokenFieldDemo" */;
			compatibilityVersion = "Xcode 9.3";
			developmentRegion = en;
			hasScannedForEncodings = 0;
			knownRegions = (
				en,
				Base,
			);
			mainGroup = 59CCBA1020A0BD89004E4B75;
			productRefGroup = 59CCBA1A20A0BD89004E4B75 /* Products */;
			projectDirPath = "";
			projectRoot = "";
			targets = (
				59CCBA1820A0BD89004E4B75 /* ProfileTokenFieldDemo */,
			);
		};
/* End PBXProject section */

/* Begin PBXResourcesBuildPhase section */
		59CCBA1720A0BD89004E4B75 /* Resources */ = {
			isa = PBXResourcesBuildPhase;
			buildActionMask = 2147483647;
			files = (
				59CCBA2720A0BD8A004E4B75 /* LaunchScreen.storyboard in Resources */,
				59CCBA2420A0BD8A004E4B75 /* Assets.xcassets in Resources */,
				59CCBA2220A0BD89004E4B75 /* Main.storyboard in Resources */,
				59CCBA3820A0C4EF004E4B75 /* ProfileToken.xib in Resources */,
			);
			runOnlyForDeploymentPostprocessing = 0;
		};
/* End PBXResourcesBuildPhase section */

/* Begin PBXSourcesBuildPhase section */
		59CCBA1520A0BD89004E4B75 /* Sources */ = {
			isa = PBXSourcesBuildPhase;
			buildActionMask = 2147483647;
			files = (
				59CCBA3220A0BE61004E4B75 /* ProfileTokenField.swift in Sources */,
				59CCBA3420A0BF95004E4B75 /* ProfileTokenTextField.swift in Sources */,
				59CCBA3620A0C351004E4B75 /* ProfileToken.swift in Sources */,
				59CCBA1F20A0BD89004E4B75 /* ViewController.swift in Sources */,
				59CCBA1D20A0BD89004E4B75 /* AppDelegate.swift in Sources */,
			);
			runOnlyForDeploymentPostprocessing = 0;
		};
/* End PBXSourcesBuildPhase section */

/* Begin PBXVariantGroup section */
		59CCBA2020A0BD89004E4B75 /* Main.storyboard */ = {
			isa = PBXVariantGroup;
			children = (
				59CCBA2120A0BD89004E4B75 /* Base */,
			);
			name = Main.storyboard;
			sourceTree = "<group>";
		};
		59CCBA2520A0BD8A004E4B75 /* LaunchScreen.storyboard */ = {
			isa = PBXVariantGroup;
			children = (
				59CCBA2620A0BD8A004E4B75 /* Base */,
			);
			name = LaunchScreen.storyboard;
			sourceTree = "<group>";
		};
/* End PBXVariantGroup section */

/* Begin XCBuildConfiguration section */
		59CCBA2920A0BD8A004E4B75 /* Debug */ = {
			isa = XCBuildConfiguration;
			buildSettings = {
				ALWAYS_SEARCH_USER_PATHS = NO;
				CLANG_ANALYZER_NONNULL = YES;
				CLANG_ANALYZER_NUMBER_OBJECT_CONVERSION = YES_AGGRESSIVE;
				CLANG_CXX_LANGUAGE_STANDARD = "gnu++14";
				CLANG_CXX_LIBRARY = "libc++";
				CLANG_ENABLE_MODULES = YES;
				CLANG_ENABLE_OBJC_ARC = YES;
				CLANG_ENABLE_OBJC_WEAK = YES;
				CLANG_WARN_BLOCK_CAPTURE_AUTORELEASING = YES;
				CLANG_WARN_BOOL_CONVERSION = YES;
				CLANG_WARN_COMMA = YES;
				CLANG_WARN_CONSTANT_CONVERSION = YES;
				CLANG_WARN_DEPRECATED_OBJC_IMPLEMENTATIONS = YES;
				CLANG_WARN_DIRECT_OBJC_ISA_USAGE = YES_ERROR;
				CLANG_WARN_DOCUMENTATION_COMMENTS = YES;
				CLANG_WARN_EMPTY_BODY = YES;
				CLANG_WARN_ENUM_CONVERSION = YES;
				CLANG_WARN_INFINITE_RECURSION = YES;
				CLANG_WARN_INT_CONVERSION = YES;
				CLANG_WARN_NON_LITERAL_NULL_CONVERSION = YES;
				CLANG_WARN_OBJC_IMPLICIT_RETAIN_SELF = YES;
				CLANG_WARN_OBJC_LITERAL_CONVERSION = YES;
				CLANG_WARN_OBJC_ROOT_CLASS = YES_ERROR;
				CLANG_WARN_RANGE_LOOP_ANALYSIS = YES;
				CLANG_WARN_STRICT_PROTOTYPES = YES;
				CLANG_WARN_SUSPICIOUS_MOVE = YES;
				CLANG_WARN_UNGUARDED_AVAILABILITY = YES_AGGRESSIVE;
				CLANG_WARN_UNREACHABLE_CODE = YES;
				CLANG_WARN__DUPLICATE_METHOD_MATCH = YES;
				CODE_SIGN_IDENTITY = "iPhone Developer";
				COPY_PHASE_STRIP = NO;
				DEBUG_INFORMATION_FORMAT = dwarf;
				ENABLE_STRICT_OBJC_MSGSEND = YES;
				ENABLE_TESTABILITY = YES;
				GCC_C_LANGUAGE_STANDARD = gnu11;
				GCC_DYNAMIC_NO_PIC = NO;
				GCC_NO_COMMON_BLOCKS = YES;
				GCC_OPTIMIZATION_LEVEL = 0;
				GCC_PREPROCESSOR_DEFINITIONS = (
					"DEBUG=1",
					"$(inherited)",
				);
				GCC_WARN_64_TO_32_BIT_CONVERSION = YES;
				GCC_WARN_ABOUT_RETURN_TYPE = YES_ERROR;
				GCC_WARN_UNDECLARED_SELECTOR = YES;
				GCC_WARN_UNINITIALIZED_AUTOS = YES_AGGRESSIVE;
				GCC_WARN_UNUSED_FUNCTION = YES;
				GCC_WARN_UNUSED_VARIABLE = YES;
				IPHONEOS_DEPLOYMENT_TARGET = 11.3;
				MTL_ENABLE_DEBUG_INFO = YES;
				ONLY_ACTIVE_ARCH = YES;
				SDKROOT = iphoneos;
				SWIFT_ACTIVE_COMPILATION_CONDITIONS = DEBUG;
				SWIFT_OPTIMIZATION_LEVEL = "-Onone";
			};
			name = Debug;
		};
		59CCBA2A20A0BD8A004E4B75 /* Release */ = {
			isa = XCBuildConfiguration;
			buildSettings = {
				ALWAYS_SEARCH_USER_PATHS = NO;
				CLANG_ANALYZER_NONNULL = YES;
				CLANG_ANALYZER_NUMBER_OBJECT_CONVERSION = YES_AGGRESSIVE;
				CLANG_CXX_LANGUAGE_STANDARD = "gnu++14";
				CLANG_CXX_LIBRARY = "libc++";
				CLANG_ENABLE_MODULES = YES;
				CLANG_ENABLE_OBJC_ARC = YES;
				CLANG_ENABLE_OBJC_WEAK = YES;
				CLANG_WARN_BLOCK_CAPTURE_AUTORELEASING = YES;
				CLANG_WARN_BOOL_CONVERSION = YES;
				CLANG_WARN_COMMA = YES;
				CLANG_WARN_CONSTANT_CONVERSION = YES;
				CLANG_WARN_DEPRECATED_OBJC_IMPLEMENTATIONS = YES;
				CLANG_WARN_DIRECT_OBJC_ISA_USAGE = YES_ERROR;
				CLANG_WARN_DOCUMENTATION_COMMENTS = YES;
				CLANG_WARN_EMPTY_BODY = YES;
				CLANG_WARN_ENUM_CONVERSION = YES;
				CLANG_WARN_INFINITE_RECURSION = YES;
				CLANG_WARN_INT_CONVERSION = YES;
				CLANG_WARN_NON_LITERAL_NULL_CONVERSION = YES;
				CLANG_WARN_OBJC_IMPLICIT_RETAIN_SELF = YES;
				CLANG_WARN_OBJC_LITERAL_CONVERSION = YES;
				CLANG_WARN_OBJC_ROOT_CLASS = YES_ERROR;
				CLANG_WARN_RANGE_LOOP_ANALYSIS = YES;
				CLANG_WARN_STRICT_PROTOTYPES = YES;
				CLANG_WARN_SUSPICIOUS_MOVE = YES;
				CLANG_WARN_UNGUARDED_AVAILABILITY = YES_AGGRESSIVE;
				CLANG_WARN_UNREACHABLE_CODE = YES;
				CLANG_WARN__DUPLICATE_METHOD_MATCH = YES;
				CODE_SIGN_IDENTITY = "iPhone Developer";
				COPY_PHASE_STRIP = NO;
				DEBUG_INFORMATION_FORMAT = "dwarf-with-dsym";
				ENABLE_NS_ASSERTIONS = NO;
				ENABLE_STRICT_OBJC_MSGSEND = YES;
				GCC_C_LANGUAGE_STANDARD = gnu11;
				GCC_NO_COMMON_BLOCKS = YES;
				GCC_WARN_64_TO_32_BIT_CONVERSION = YES;
				GCC_WARN_ABOUT_RETURN_TYPE = YES_ERROR;
				GCC_WARN_UNDECLARED_SELECTOR = YES;
				GCC_WARN_UNINITIALIZED_AUTOS = YES_AGGRESSIVE;
				GCC_WARN_UNUSED_FUNCTION = YES;
				GCC_WARN_UNUSED_VARIABLE = YES;
				IPHONEOS_DEPLOYMENT_TARGET = 11.3;
				MTL_ENABLE_DEBUG_INFO = NO;
				SDKROOT = iphoneos;
				SWIFT_COMPILATION_MODE = wholemodule;
				SWIFT_OPTIMIZATION_LEVEL = "-O";
				VALIDATE_PRODUCT = YES;
			};
			name = Release;
		};
		59CCBA2C20A0BD8A004E4B75 /* Debug */ = {
			isa = XCBuildConfiguration;
			buildSettings = {
				ASSETCATALOG_COMPILER_APPICON_NAME = AppIcon;
				CODE_SIGN_STYLE = Automatic;
				DEVELOPMENT_TEAM = K97PKTFX65;
				INFOPLIST_FILE = ProfileTokenFieldDemo/Info.plist;
				LD_RUNPATH_SEARCH_PATHS = (
					"$(inherited)",
					"@executable_path/Frameworks",
				);
				PRODUCT_BUNDLE_IDENTIFIER = com.gokul.ProfileTokenFieldDemo;
				PRODUCT_NAME = "$(TARGET_NAME)";
				SWIFT_VERSION = 4.0;
				TARGETED_DEVICE_FAMILY = "1,2";
			};
			name = Debug;
		};
		59CCBA2D20A0BD8A004E4B75 /* Release */ = {
			isa = XCBuildConfiguration;
			buildSettings = {
				ASSETCATALOG_COMPILER_APPICON_NAME = AppIcon;
				CODE_SIGN_STYLE = Automatic;
				DEVELOPMENT_TEAM = K97PKTFX65;
				INFOPLIST_FILE = ProfileTokenFieldDemo/Info.plist;
				LD_RUNPATH_SEARCH_PATHS = (
					"$(inherited)",
					"@executable_path/Frameworks",
				);
				PRODUCT_BUNDLE_IDENTIFIER = com.gokul.ProfileTokenFieldDemo;
				PRODUCT_NAME = "$(TARGET_NAME)";
				SWIFT_VERSION = 4.0;
				TARGETED_DEVICE_FAMILY = "1,2";
			};
			name = Release;
		};
/* End XCBuildConfiguration section */

/* Begin XCConfigurationList section */
		59CCBA1420A0BD89004E4B75 /* Build configuration list for PBXProject "ProfileTokenFieldDemo" */ = {
			isa = XCConfigurationList;
			buildConfigurations = (
				59CCBA2920A0BD8A004E4B75 /* Debug */,
				59CCBA2A20A0BD8A004E4B75 /* Release */,
			);
			defaultConfigurationIsVisible = 0;
			defaultConfigurationName = Release;
		};
		59CCBA2B20A0BD8A004E4B75 /* Build configuration list for PBXNativeTarget "ProfileTokenFieldDemo" */ = {
			isa = XCConfigurationList;
			buildConfigurations = (
				59CCBA2C20A0BD8A004E4B75 /* Debug */,
				59CCBA2D20A0BD8A004E4B75 /* Release */,
			);
			defaultConfigurationIsVisible = 0;
			defaultConfigurationName = Release;
		};
/* End XCConfigurationList section */
	};
	rootObject = 59CCBA1120A0BD89004E4B75 /* Project object */;
}
