PODS:
  - GGProfileTokenField (0.1.0)

DEPENDENCIES:
  - GGProfileTokenField (from `../`)

EXTERNAL SOURCES:
  GGProfileTokenField:
    :path: "../"

SPEC CHECKSUMS:
  GGProfileTokenField: 05866c420645254f3e08c54fb477b0cc29550bb6

PODFILE CHECKSUM: bb5d983687868f4dcedb1df4372088e90a6d0cf0

COCOAPODS: 1.5.2
